hash: 922f99798e24efcdfe48d1499e0ed50c9ce94d54e6e941bee840440293cd733f
updated: 2018-02-21T15:20:43.97552+01:00
imports:
- name: github.com/Azure/azure-sdk-for-go
  version: 990842d1126ef6e294152c5f6f4e3f804a3cfd6d
  subpackages:
  - arm/examples/helpers
  - arm/resources/resources
- name: github.com/Azure/go-autorest
  version: 809ed2ef5c4c9a60c3c2f3aa9cc11f3a7c2ce59d
  subpackages:
  - autorest
  - autorest/adal
  - autorest/azure
  - autorest/date
  - autorest/to
  - autorest/validation
- name: github.com/banzaicloud/banzai-types
  version: 3ad9e04427a6da7007fb0c59414f25d9ea842ec4
  subpackages:
  - components/azure
  - constants
- name: github.com/dgrijalva/jwt-go
  version: 01aeca54ebda6e0fbfafd0a524d234159c05ec20
- name: github.com/pkg/errors
  version: 645ef00459ed84a119197bfb8d8205042c6df63d
testImports: []
