# This file is autogenerated, do not edit; changes may be undone by the next 'dep ensure'.


[[projects]]
  name = "github.com/Azure/azure-sdk-for-go"
  packages = ["arm/containerservice","arm/examples/helpers","arm/resources/resources"]
  revision = "7692b0cef22674113fcf71cc17ac3ccc1a7fef48"
  version = "v11.2.2-beta"

[[projects]]
  name = "github.com/Azure/go-autorest"
  packages = ["autorest","autorest/adal","autorest/azure","autorest/date","autorest/to","autorest/validation"]
  revision = "ab5671379918d9af294b6f0e3d8aaa98c829416d"
  version = "v9.4.0"

[[projects]]
  name = "github.com/dgrijalva/jwt-go"
  packages = ["."]
  revision = "dbeaa9332f19a944acb5736b4456cfcc02140e29"
  version = "v3.1.0"

[[projects]]
  name = "github.com/sirupsen/logrus"
  packages = ["."]
  revision = "f006c2ac4710855cf0f916dd6b77acf6b048dc6e"
  version = "v1.0.3"

[[projects]]
  branch = "master"
  name = "golang.org/x/crypto"
  packages = ["ssh/terminal"]
  revision = "9f005a07e0d31d45e6656d241bb5c0f2efd4bc94"

[[projects]]
  branch = "master"
  name = "golang.org/x/sys"
  packages = ["unix","windows"]
  revision = "0dd5e194bbf5eb84a39666eb4c98a4d007e4203a"

[solve-meta]
  analyzer-name = "dep"
  analyzer-version = 1
  inputs-digest = "640dc485e374b107f900f481fabd34fa36bd1d9d5d231c712da3767843e9d446"
  solver-name = "gps-cdcl"
  solver-version = 1
