# This file is autogenerated, do not edit; changes may be undone by the next 'dep ensure'.


[[projects]]
  name = "github.com/Azure/azure-sdk-for-go"
  packages = ["arm/examples/helpers","arm/resources/resources"]
  revision = "7692b0cef22674113fcf71cc17ac3ccc1a7fef48"
  version = "v11.2.2-beta"

[[projects]]
  name = "github.com/Azure/go-autorest"
  packages = ["autorest","autorest/adal","autorest/azure","autorest/date","autorest/to","autorest/validation"]
  revision = "ab5671379918d9af294b6f0e3d8aaa98c829416d"
  version = "v9.4.0"

[[projects]]
  name = "github.com/dgrijalva/jwt-go"
  packages = ["."]
  revision = "dbeaa9332f19a944acb5736b4456cfcc02140e29"
  version = "v3.1.0"

[solve-meta]
  analyzer-name = "dep"
  analyzer-version = 1
  inputs-digest = "49e9ab82f6ef7b38820cebc5f2162d01852c6748eb79ce08503b5b425be0c134"
  solver-name = "gps-cdcl"
  solver-version = 1
